
Microsoft Visual Studio Solution File, Format Version 12.00
# Visual Studio 2013
VisualStudioVersion = 12.0.21005.1
MinimumVisualStudioVersion = 10.0.40219.1
Project("{FAE04EC0-301F-11D3-BF4B-00C04F79EFBC}") = "KTVSystem", "KTVSystem\KTVSystem.csproj", "{5E81F10A-4378-4DD6-9FF7-F2AFE8596E3A}"
EndProject
Project("{FAE04EC0-301F-11D3-BF4B-00C04F79EFBC}") = "KtvTest", "KtvTest\KtvTest.csproj", "{BBF63CD0-7B80-4D55-9D5D-4A49B36CCF46}"
EndProject
Global
	GlobalSection(TeamFoundationVersionControl) = preSolution
		SccNumberOfProjects = 3
		SccEnterpriseProvider = {4CA58AB2-18FA-4F8D-95D4-32DDF27D184C}
		SccTeamFoundationServer = http://tfs:8080/tfs/2015_1
		SccLocalPath0 = .
		SccProjectUniqueName1 = KTVSystem\\KTVSystem.csproj
		SccProjectName1 = KTVSystem
		SccLocalPath1 = KTVSystem
		SccProjectUniqueName2 = KtvTest\\KtvTest.csproj
		SccProjectName2 = KtvTest
		SccLocalPath2 = KtvTest
	EndGlobalSection
	GlobalSection(SolutionConfigurationPlatforms) = preSolution
		Debug|Any CPU = Debug|Any CPU
		Release|Any CPU = Release|Any CPU
	EndGlobalSection
	GlobalSection(ProjectConfigurationPlatforms) = postSolution
		{5E81F10A-4378-4DD6-9FF7-F2AFE8596E3A}.Debug|Any CPU.ActiveCfg = Debug|Any CPU
		{5E81F10A-4378-4DD6-9FF7-F2AFE8596E3A}.Debug|Any CPU.Build.0 = Debug|Any CPU
		{5E81F10A-4378-4DD6-9FF7-F2AFE8596E3A}.Release|Any CPU.ActiveCfg = Release|Any CPU
		{5E81F10A-4378-4DD6-9FF7-F2AFE8596E3A}.Release|Any CPU.Build.0 = Release|Any CPU
		{BBF63CD0-7B80-4D55-9D5D-4A49B36CCF46}.Debug|Any CPU.ActiveCfg = Debug|Any CPU
		{BBF63CD0-7B80-4D55-9D5D-4A49B36CCF46}.Debug|Any CPU.Build.0 = Debug|Any CPU
		{BBF63CD0-7B80-4D55-9D5D-4A49B36CCF46}.Release|Any CPU.ActiveCfg = Release|Any CPU
		{BBF63CD0-7B80-4D55-9D5D-4A49B36CCF46}.Release|Any CPU.Build.0 = Release|Any CPU
	EndGlobalSection
	GlobalSection(SolutionProperties) = preSolution
		HideSolutionNode = FALSE
	EndGlobalSection
EndGlobal
